
Microsoft Visual Studio Solution File, Format Version 12.00
# Visual Studio Version 17
VisualStudioVersion = 17.9.34728.123
MinimumVisualStudioVersion = 10.0.40219.1
Project("{FAE04EC0-301F-11D3-BF4B-00C04F79EFBC}") = "VoiceRecognize", "VoiceRecognize\VoiceRecognize.csproj", "{31DDE40F-7366-46F6-A10A-B7BEAE1104F5}"
EndProject
Global
	GlobalSection(SolutionConfigurationPlatforms) = preSolution
		Debug|Any CPU = Debug|Any CPU
		Release|Any CPU = Release|Any CPU
	EndGlobalSection
	GlobalSection(ProjectConfigurationPlatforms) = postSolution
		{31DDE40F-7366-46F6-A10A-B7BEAE1104F5}.Debug|Any CPU.ActiveCfg = Debug|Any CPU
		{31DDE40F-7366-46F6-A10A-B7BEAE1104F5}.Debug|Any CPU.Build.0 = Debug|Any CPU
		{31DDE40F-7366-46F6-A10A-B7BEAE1104F5}.Release|Any CPU.ActiveCfg = Release|Any CPU
		{31DDE40F-7366-46F6-A10A-B7BEAE1104F5}.Release|Any CPU.Build.0 = Release|Any CPU
	EndGlobalSection
	GlobalSection(SolutionProperties) = preSolution
		HideSolutionNode = FALSE
	EndGlobalSection
	GlobalSection(ExtensibilityGlobals) = postSolution
		SolutionGuid = {096CEBE1-51E2-4E10-A9AF-7D4539A9D209}
	EndGlobalSection
EndGlobal
